// !$*UTF8*$!
{
	archiveVersion = 1;
	classes = {
	};
	objectVersion = 55;
	objects = {

/* Begin PBXBuildFile section */
		2A74A24E28323BD200874401 /* AppDelegate.swift in Sources */ = {isa = PBXBuildFile; fileRef = 2A74A24D28323BD200874401 /* AppDelegate.swift */; };
		2A74A25028323BD200874401 /* SceneDelegate.swift in Sources */ = {isa = PBXBuildFile; fileRef = 2A74A24F28323BD200874401 /* SceneDelegate.swift */; };
		2A74A25228323BD200874401 /* ViewController.swift in Sources */ = {isa = PBXBuildFile; fileRef = 2A74A25128323BD200874401 /* ViewController.swift */; };
		2A74A25528323BD200874401 /* Main.storyboard in Resources */ = {isa = PBXBuildFile; fileRef = 2A74A25328323BD200874401 /* Main.storyboard */; };
		2A74A25728323BD200874401 /* Assets.xcassets in Resources */ = {isa = PBXBuildFile; fileRef = 2A74A25628323BD200874401 /* Assets.xcassets */; };
		2A74A25A28323BD200874401 /* LaunchScreen.storyboard in Resources */ = {isa = PBXBuildFile; fileRef = 2A74A25828323BD200874401 /* LaunchScreen.storyboard */; };
		2A74A26528323BD200874401 /* Softgames_TestTests.swift in Sources */ = {isa = PBXBuildFile; fileRef = 2A74A26428323BD200874401 /* Softgames_TestTests.swift */; };
		2A74A26F28323BD200874401 /* Softgames_TestUITests.swift in Sources */ = {isa = PBXBuildFile; fileRef = 2A74A26E28323BD200874401 /* Softgames_TestUITests.swift */; };
		2A74A27128323BD200874401 /* Softgames_TestUITestsLaunchTests.swift in Sources */ = {isa = PBXBuildFile; fileRef = 2A74A27028323BD200874401 /* Softgames_TestUITestsLaunchTests.swift */; };
		2A74A27F283240EE00874401 /* softgame_doc.html in Resources */ = {isa = PBXBuildFile; fileRef = 2A74A27E283240EE00874401 /* softgame_doc.html */; };
		2A74A2812832523300874401 /* UIViewController+Extension.swift in Sources */ = {isa = PBXBuildFile; fileRef = 2A74A2802832523300874401 /* UIViewController+Extension.swift */; };
		2A74A285283254E100874401 /* UserFormViewModel.swift in Sources */ = {isa = PBXBuildFile; fileRef = 2A74A284283254E100874401 /* UserFormViewModel.swift */; };
		2A74A2872832600900874401 /* ClickMeEventRegister.js in Resources */ = {isa = PBXBuildFile; fileRef = 2A74A2862832600900874401 /* ClickMeEventRegister.js */; };
/* End PBXBuildFile section */

/* Begin PBXContainerItemProxy section */
		2A74A26128323BD200874401 /* PBXContainerItemProxy */ = {
			isa = PBXContainerItemProxy;
			containerPortal = 2A74A24228323BD200874401 /* Project object */;
			proxyType = 1;
			remoteGlobalIDString = 2A74A24928323BD200874401;
			remoteInfo = "Softgames Test";
		};
		2A74A26B28323BD200874401 /* PBXContainerItemProxy */ = {
			isa = PBXContainerItemProxy;
			containerPortal = 2A74A24228323BD200874401 /* Project object */;
			proxyType = 1;
			remoteGlobalIDString = 2A74A24928323BD200874401;
			remoteInfo = "Softgames Test";
		};
/* End PBXContainerItemProxy section */

/* Begin PBXFileReference section */
		2A74A24A28323BD200874401 /* Softgames Test.app */ = {isa = PBXFileReference; explicitFileType = wrapper.application; includeInIndex = 0; path = "Softgames Test.app"; sourceTree = BUILT_PRODUCTS_DIR; };
		2A74A24D28323BD200874401 /* AppDelegate.swift */ = {isa = PBXFileReference; lastKnownFileType = sourcecode.swift; path = AppDelegate.swift; sourceTree = "<group>"; };
		2A74A24F28323BD200874401 /* SceneDelegate.swift */ = {isa = PBXFileReference; lastKnownFileType = sourcecode.swift; path = SceneDelegate.swift; sourceTree = "<group>"; };
		2A74A25128323BD200874401 /* ViewController.swift */ = {isa = PBXFileReference; lastKnownFileType = sourcecode.swift; path = ViewController.swift; sourceTree = "<group>"; };
		2A74A25428323BD200874401 /* Base */ = {isa = PBXFileReference; lastKnownFileType = file.storyboard; name = Base; path = Base.lproj/Main.storyboard; sourceTree = "<group>"; };
		2A74A25628323BD200874401 /* Assets.xcassets */ = {isa = PBXFileReference; lastKnownFileType = folder.assetcatalog; path = Assets.xcassets; sourceTree = "<group>"; };
		2A74A25928323BD200874401 /* Base */ = {isa = PBXFileReference; lastKnownFileType = file.storyboard; name = Base; path = Base.lproj/LaunchScreen.storyboard; sourceTree = "<group>"; };
		2A74A25B28323BD200874401 /* Info.plist */ = {isa = PBXFileReference; lastKnownFileType = text.plist.xml; path = Info.plist; sourceTree = "<group>"; };
		2A74A26028323BD200874401 /* Softgames TestTests.xctest */ = {isa = PBXFileReference; explicitFileType = wrapper.cfbundle; includeInIndex = 0; path = "Softgames TestTests.xctest"; sourceTree = BUILT_PRODUCTS_DIR; };
		2A74A26428323BD200874401 /* Softgames_TestTests.swift */ = {isa = PBXFileReference; lastKnownFileType = sourcecode.swift; path = Softgames_TestTests.swift; sourceTree = "<group>"; };
		2A74A26A28323BD200874401 /* Softgames TestUITests.xctest */ = {isa = PBXFileReference; explicitFileType = wrapper.cfbundle; includeInIndex = 0; path = "Softgames TestUITests.xctest"; sourceTree = BUILT_PRODUCTS_DIR; };
		2A74A26E28323BD200874401 /* Softgames_TestUITests.swift */ = {isa = PBXFileReference; lastKnownFileType = sourcecode.swift; path = Softgames_TestUITests.swift; sourceTree = "<group>"; };
		2A74A27028323BD200874401 /* Softgames_TestUITestsLaunchTests.swift */ = {isa = PBXFileReference; lastKnownFileType = sourcecode.swift; path = Softgames_TestUITestsLaunchTests.swift; sourceTree = "<group>"; };
		2A74A27E283240EE00874401 /* softgame_doc.html */ = {isa = PBXFileReference; fileEncoding = 4; lastKnownFileType = text.html; path = softgame_doc.html; sourceTree = "<group>"; };
		2A74A2802832523300874401 /* UIViewController+Extension.swift */ = {isa = PBXFileReference; lastKnownFileType = sourcecode.swift; path = "UIViewController+Extension.swift"; sourceTree = "<group>"; };
		2A74A284283254E100874401 /* UserFormViewModel.swift */ = {isa = PBXFileReference; lastKnownFileType = sourcecode.swift; path = UserFormViewModel.swift; sourceTree = "<group>"; };
		2A74A2862832600900874401 /* ClickMeEventRegister.js */ = {isa = PBXFileReference; fileEncoding = 4; lastKnownFileType = sourcecode.javascript; path = ClickMeEventRegister.js; sourceTree = "<group>"; };
/* End PBXFileReference section */

/* Begin PBXFrameworksBuildPhase section */
		2A74A24728323BD200874401 /* Frameworks */ = {
			isa = PBXFrameworksBuildPhase;
			buildActionMask = 2147483647;
			files = (
			);
			runOnlyForDeploymentPostprocessing = 0;
		};
		2A74A25D28323BD200874401 /* Frameworks */ = {
			isa = PBXFrameworksBuildPhase;
			buildActionMask = 2147483647;
			files = (
			);
			runOnlyForDeploymentPostprocessing = 0;
		};
		2A74A26728323BD200874401 /* Frameworks */ = {
			isa = PBXFrameworksBuildPhase;
			buildActionMask = 2147483647;
			files = (
			);
			runOnlyForDeploymentPostprocessing = 0;
		};
/* End PBXFrameworksBuildPhase section */

/* Begin PBXGroup section */
		2A74A24128323BD200874401 = {
			isa = PBXGroup;
			children = (
				2A74A24C28323BD200874401 /* Softgames Test */,
				2A74A26328323BD200874401 /* Softgames TestTests */,
				2A74A26D28323BD200874401 /* Softgames TestUITests */,
				2A74A24B28323BD200874401 /* Products */,
			);
			sourceTree = "<group>";
		};
		2A74A24B28323BD200874401 /* Products */ = {
			isa = PBXGroup;
			children = (
				2A74A24A28323BD200874401 /* Softgames Test.app */,
				2A74A26028323BD200874401 /* Softgames TestTests.xctest */,
				2A74A26A28323BD200874401 /* Softgames TestUITests.xctest */,
			);
			name = Products;
			sourceTree = "<group>";
		};
		2A74A24C28323BD200874401 /* Softgames Test */ = {
			isa = PBXGroup;
			children = (
				2A74A27D28323FF700874401 /* Document */,
				2A74A24D28323BD200874401 /* AppDelegate.swift */,
				2A74A24F28323BD200874401 /* SceneDelegate.swift */,
				2A74A282283254BF00874401 /* Controller */,
				2A74A2802832523300874401 /* UIViewController+Extension.swift */,
				2A74A25328323BD200874401 /* Main.storyboard */,
				2A74A25628323BD200874401 /* Assets.xcassets */,
				2A74A25828323BD200874401 /* LaunchScreen.storyboard */,
				2A74A25B28323BD200874401 /* Info.plist */,
			);
			path = "Softgames Test";
			sourceTree = "<group>";
		};
		2A74A26328323BD200874401 /* Softgames TestTests */ = {
			isa = PBXGroup;
			children = (
				2A74A26428323BD200874401 /* Softgames_TestTests.swift */,
			);
			path = "Softgames TestTests";
			sourceTree = "<group>";
		};
		2A74A26D28323BD200874401 /* Softgames TestUITests */ = {
			isa = PBXGroup;
			children = (
				2A74A26E28323BD200874401 /* Softgames_TestUITests.swift */,
				2A74A27028323BD200874401 /* Softgames_TestUITestsLaunchTests.swift */,
			);
			path = "Softgames TestUITests";
			sourceTree = "<group>";
		};
		2A74A27D28323FF700874401 /* Document */ = {
			isa = PBXGroup;
			children = (
				2A74A2862832600900874401 /* ClickMeEventRegister.js */,
				2A74A27E283240EE00874401 /* softgame_doc.html */,
			);
			path = Document;
			sourceTree = "<group>";
		};
		2A74A282283254BF00874401 /* Controller */ = {
			isa = PBXGroup;
			children = (
				2A74A283283254CD00874401 /* ViewModel */,
				2A74A25128323BD200874401 /* ViewController.swift */,
			);
			path = Controller;
			sourceTree = "<group>";
		};
		2A74A283283254CD00874401 /* ViewModel */ = {
			isa = PBXGroup;
			children = (
				2A74A284283254E100874401 /* UserFormViewModel.swift */,
			);
			path = ViewModel;
			sourceTree = "<group>";
		};
/* End PBXGroup section */

/* Begin PBXNativeTarget section */
		2A74A24928323BD200874401 /* Softgames Test */ = {
			isa = PBXNativeTarget;
			buildConfigurationList = 2A74A27428323BD300874401 /* Build configuration list for PBXNativeTarget "Softgames Test" */;
			buildPhases = (
				2A74A24628323BD200874401 /* Sources */,
				2A74A24728323BD200874401 /* Frameworks */,
				2A74A24828323BD200874401 /* Resources */,
			);
			buildRules = (
			);
			dependencies = (
			);
			name = "Softgames Test";
			productName = "Softgames Test";
			productReference = 2A74A24A28323BD200874401 /* Softgames Test.app */;
			productType = "com.apple.product-type.application";
		};
		2A74A25F28323BD200874401 /* Softgames TestTests */ = {
			isa = PBXNativeTarget;
			buildConfigurationList = 2A74A27728323BD300874401 /* Build configuration list for PBXNativeTarget "Softgames TestTests" */;
			buildPhases = (
				2A74A25C28323BD200874401 /* Sources */,
				2A74A25D28323BD200874401 /* Frameworks */,
				2A74A25E28323BD200874401 /* Resources */,
			);
			buildRules = (
			);
			dependencies = (
				2A74A26228323BD200874401 /* PBXTargetDependency */,
			);
			name = "Softgames TestTests";
			productName = "Softgames TestTests";
			productReference = 2A74A26028323BD200874401 /* Softgames TestTests.xctest */;
			productType = "com.apple.product-type.bundle.unit-test";
		};
		2A74A26928323BD200874401 /* Softgames TestUITests */ = {
			isa = PBXNativeTarget;
			buildConfigurationList = 2A74A27A28323BD300874401 /* Build configuration list for PBXNativeTarget "Softgames TestUITests" */;
			buildPhases = (
				2A74A26628323BD200874401 /* Sources */,
				2A74A26728323BD200874401 /* Frameworks */,
				2A74A26828323BD200874401 /* Resources */,
			);
			buildRules = (
			);
			dependencies = (
				2A74A26C28323BD200874401 /* PBXTargetDependency */,
			);
			name = "Softgames TestUITests";
			productName = "Softgames TestUITests";
			productReference = 2A74A26A28323BD200874401 /* Softgames TestUITests.xctest */;
			productType = "com.apple.product-type.bundle.ui-testing";
		};
/* End PBXNativeTarget section */

/* Begin PBXProject section */
		2A74A24228323BD200874401 /* Project object */ = {
			isa = PBXProject;
			attributes = {
				BuildIndependentTargetsInParallel = 1;
				LastSwiftUpdateCheck = 1330;
				LastUpgradeCheck = 1330;
				TargetAttributes = {
					2A74A24928323BD200874401 = {
						CreatedOnToolsVersion = 13.3.1;
					};
					2A74A25F28323BD200874401 = {
						CreatedOnToolsVersion = 13.3.1;
						TestTargetID = 2A74A24928323BD200874401;
					};
					2A74A26928323BD200874401 = {
						CreatedOnToolsVersion = 13.3.1;
						TestTargetID = 2A74A24928323BD200874401;
					};
				};
			};
			buildConfigurationList = 2A74A24528323BD200874401 /* Build configuration list for PBXProject "Softgames Test" */;
			compatibilityVersion = "Xcode 13.0";
			developmentRegion = en;
			hasScannedForEncodings = 0;
			knownRegions = (
				en,
				Base,
			);
			mainGroup = 2A74A24128323BD200874401;
			productRefGroup = 2A74A24B28323BD200874401 /* Products */;
			projectDirPath = "";
			projectRoot = "";
			targets = (
				2A74A24928323BD200874401 /* Softgames Test */,
				2A74A25F28323BD200874401 /* Softgames TestTests */,
				2A74A26928323BD200874401 /* Softgames TestUITests */,
			);
		};
/* End PBXProject section */

/* Begin PBXResourcesBuildPhase section */
		2A74A24828323BD200874401 /* Resources */ = {
			isa = PBXResourcesBuildPhase;
			buildActionMask = 2147483647;
			files = (
				2A74A2872832600900874401 /* ClickMeEventRegister.js in Resources */,
				2A74A25A28323BD200874401 /* LaunchScreen.storyboard in Resources */,
				2A74A25728323BD200874401 /* Assets.xcassets in Resources */,
				2A74A25528323BD200874401 /* Main.storyboard in Resources */,
				2A74A27F283240EE00874401 /* softgame_doc.html in Resources */,
			);
			runOnlyForDeploymentPostprocessing = 0;
		};
		2A74A25E28323BD200874401 /* Resources */ = {
			isa = PBXResourcesBuildPhase;
			buildActionMask = 2147483647;
			files = (
			);
			runOnlyForDeploymentPostprocessing = 0;
		};
		2A74A26828323BD200874401 /* Resources */ = {
			isa = PBXResourcesBuildPhase;
			buildActionMask = 2147483647;
			files = (
			);
			runOnlyForDeploymentPostprocessing = 0;
		};
/* End PBXResourcesBuildPhase section */

/* Begin PBXSourcesBuildPhase section */
		2A74A24628323BD200874401 /* Sources */ = {
			isa = PBXSourcesBuildPhase;
			buildActionMask = 2147483647;
			files = (
				2A74A2812832523300874401 /* UIViewController+Extension.swift in Sources */,
				2A74A25228323BD200874401 /* ViewController.swift in Sources */,
				2A74A24E28323BD200874401 /* AppDelegate.swift in Sources */,
				2A74A25028323BD200874401 /* SceneDelegate.swift in Sources */,
				2A74A285283254E100874401 /* UserFormViewModel.swift in Sources */,
			);
			runOnlyForDeploymentPostprocessing = 0;
		};
		2A74A25C28323BD200874401 /* Sources */ = {
			isa = PBXSourcesBuildPhase;
			buildActionMask = 2147483647;
			files = (
				2A74A26528323BD200874401 /* Softgames_TestTests.swift in Sources */,
			);
			runOnlyForDeploymentPostprocessing = 0;
		};
		2A74A26628323BD200874401 /* Sources */ = {
			isa = PBXSourcesBuildPhase;
			buildActionMask = 2147483647;
			files = (
				2A74A27128323BD200874401 /* Softgames_TestUITestsLaunchTests.swift in Sources */,
				2A74A26F28323BD200874401 /* Softgames_TestUITests.swift in Sources */,
			);
			runOnlyForDeploymentPostprocessing = 0;
		};
/* End PBXSourcesBuildPhase section */

/* Begin PBXTargetDependency section */
		2A74A26228323BD200874401 /* PBXTargetDependency */ = {
			isa = PBXTargetDependency;
			target = 2A74A24928323BD200874401 /* Softgames Test */;
			targetProxy = 2A74A26128323BD200874401 /* PBXContainerItemProxy */;
		};
		2A74A26C28323BD200874401 /* PBXTargetDependency */ = {
			isa = PBXTargetDependency;
			target = 2A74A24928323BD200874401 /* Softgames Test */;
			targetProxy = 2A74A26B28323BD200874401 /* PBXContainerItemProxy */;
		};
/* End PBXTargetDependency section */

/* Begin PBXVariantGroup section */
		2A74A25328323BD200874401 /* Main.storyboard */ = {
			isa = PBXVariantGroup;
			children = (
				2A74A25428323BD200874401 /* Base */,
			);
			name = Main.storyboard;
			sourceTree = "<group>";
		};
		2A74A25828323BD200874401 /* LaunchScreen.storyboard */ = {
			isa = PBXVariantGroup;
			children = (
				2A74A25928323BD200874401 /* Base */,
			);
			name = LaunchScreen.storyboard;
			sourceTree = "<group>";
		};
/* End PBXVariantGroup section */

/* Begin XCBuildConfiguration section */
		2A74A27228323BD200874401 /* Debug */ = {
			isa = XCBuildConfiguration;
			buildSettings = {
				ALWAYS_SEARCH_USER_PATHS = NO;
				CLANG_ANALYZER_NONNULL = YES;
				CLANG_ANALYZER_NUMBER_OBJECT_CONVERSION = YES_AGGRESSIVE;
				CLANG_CXX_LANGUAGE_STANDARD = "gnu++17";
				CLANG_ENABLE_MODULES = YES;
				CLANG_ENABLE_OBJC_ARC = YES;
				CLANG_ENABLE_OBJC_WEAK = YES;
				CLANG_WARN_BLOCK_CAPTURE_AUTORELEASING = YES;
				CLANG_WARN_BOOL_CONVERSION = YES;
				CLANG_WARN_COMMA = YES;
				CLANG_WARN_CONSTANT_CONVERSION = YES;
				CLANG_WARN_DEPRECATED_OBJC_IMPLEMENTATIONS = YES;
				CLANG_WARN_DIRECT_OBJC_ISA_USAGE = YES_ERROR;
				CLANG_WARN_DOCUMENTATION_COMMENTS = YES;
				CLANG_WARN_EMPTY_BODY = YES;
				CLANG_WARN_ENUM_CONVERSION = YES;
				CLANG_WARN_INFINITE_RECURSION = YES;
				CLANG_WARN_INT_CONVERSION = YES;
				CLANG_WARN_NON_LITERAL_NULL_CONVERSION = YES;
				CLANG_WARN_OBJC_IMPLICIT_RETAIN_SELF = YES;
				CLANG_WARN_OBJC_LITERAL_CONVERSION = YES;
				CLANG_WARN_OBJC_ROOT_CLASS = YES_ERROR;
				CLANG_WARN_QUOTED_INCLUDE_IN_FRAMEWORK_HEADER = YES;
				CLANG_WARN_RANGE_LOOP_ANALYSIS = YES;
				CLANG_WARN_STRICT_PROTOTYPES = YES;
				CLANG_WARN_SUSPICIOUS_MOVE = YES;
				CLANG_WARN_UNGUARDED_AVAILABILITY = YES_AGGRESSIVE;
				CLANG_WARN_UNREACHABLE_CODE = YES;
				CLANG_WARN__DUPLICATE_METHOD_MATCH = YES;
				COPY_PHASE_STRIP = NO;
				DEBUG_INFORMATION_FORMAT = dwarf;
				ENABLE_STRICT_OBJC_MSGSEND = YES;
				ENABLE_TESTABILITY = YES;
				GCC_C_LANGUAGE_STANDARD = gnu11;
				GCC_DYNAMIC_NO_PIC = NO;
				GCC_NO_COMMON_BLOCKS = YES;
				GCC_OPTIMIZATION_LEVEL = 0;
				GCC_PREPROCESSOR_DEFINITIONS = (
					"DEBUG=1",
					"$(inherited)",
				);
				GCC_WARN_64_TO_32_BIT_CONVERSION = YES;
				GCC_WARN_ABOUT_RETURN_TYPE = YES_ERROR;
				GCC_WARN_UNDECLARED_SELECTOR = YES;
				GCC_WARN_UNINITIALIZED_AUTOS = YES_AGGRESSIVE;
				GCC_WARN_UNUSED_FUNCTION = YES;
				GCC_WARN_UNUSED_VARIABLE = YES;
				IPHONEOS_DEPLOYMENT_TARGET = 15.4;
				MTL_ENABLE_DEBUG_INFO = INCLUDE_SOURCE;
				MTL_FAST_MATH = YES;
				ONLY_ACTIVE_ARCH = YES;
				SDKROOT = iphoneos;
				SWIFT_ACTIVE_COMPILATION_CONDITIONS = DEBUG;
				SWIFT_OPTIMIZATION_LEVEL = "-Onone";
			};
			name = Debug;
		};
		2A74A27328323BD200874401 /* Release */ = {
			isa = XCBuildConfiguration;
			buildSettings = {
				ALWAYS_SEARCH_USER_PATHS = NO;
				CLANG_ANALYZER_NONNULL = YES;
				CLANG_ANALYZER_NUMBER_OBJECT_CONVERSION = YES_AGGRESSIVE;
				CLANG_CXX_LANGUAGE_STANDARD = "gnu++17";
				CLANG_ENABLE_MODULES = YES;
				CLANG_ENABLE_OBJC_ARC = YES;
				CLANG_ENABLE_OBJC_WEAK = YES;
				CLANG_WARN_BLOCK_CAPTURE_AUTORELEASING = YES;
				CLANG_WARN_BOOL_CONVERSION = YES;
				CLANG_WARN_COMMA = YES;
				CLANG_WARN_CONSTANT_CONVERSION = YES;
				CLANG_WARN_DEPRECATED_OBJC_IMPLEMENTATIONS = YES;
				CLANG_WARN_DIRECT_OBJC_ISA_USAGE = YES_ERROR;
				CLANG_WARN_DOCUMENTATION_COMMENTS = YES;
				CLANG_WARN_EMPTY_BODY = YES;
				CLANG_WARN_ENUM_CONVERSION = YES;
				CLANG_WARN_INFINITE_RECURSION = YES;
				CLANG_WARN_INT_CONVERSION = YES;
				CLANG_WARN_NON_LITERAL_NULL_CONVERSION = YES;
				CLANG_WARN_OBJC_IMPLICIT_RETAIN_SELF = YES;
				CLANG_WARN_OBJC_LITERAL_CONVERSION = YES;
				CLANG_WARN_OBJC_ROOT_CLASS = YES_ERROR;
				CLANG_WARN_QUOTED_INCLUDE_IN_FRAMEWORK_HEADER = YES;
				CLANG_WARN_RANGE_LOOP_ANALYSIS = YES;
				CLANG_WARN_STRICT_PROTOTYPES = YES;
				CLANG_WARN_SUSPICIOUS_MOVE = YES;
				CLANG_WARN_UNGUARDED_AVAILABILITY = YES_AGGRESSIVE;
				CLANG_WARN_UNREACHABLE_CODE = YES;
				CLANG_WARN__DUPLICATE_METHOD_MATCH = YES;
				COPY_PHASE_STRIP = NO;
				DEBUG_INFORMATION_FORMAT = "dwarf-with-dsym";
				ENABLE_NS_ASSERTIONS = NO;
				ENABLE_STRICT_OBJC_MSGSEND = YES;
				GCC_C_LANGUAGE_STANDARD = gnu11;
				GCC_NO_COMMON_BLOCKS = YES;
				GCC_WARN_64_TO_32_BIT_CONVERSION = YES;
				GCC_WARN_ABOUT_RETURN_TYPE = YES_ERROR;
				GCC_WARN_UNDECLARED_SELECTOR = YES;
				GCC_WARN_UNINITIALIZED_AUTOS = YES_AGGRESSIVE;
				GCC_WARN_UNUSED_FUNCTION = YES;
				GCC_WARN_UNUSED_VARIABLE = YES;
				IPHONEOS_DEPLOYMENT_TARGET = 15.4;
				MTL_ENABLE_DEBUG_INFO = NO;
				MTL_FAST_MATH = YES;
				SDKROOT = iphoneos;
				SWIFT_COMPILATION_MODE = wholemodule;
				SWIFT_OPTIMIZATION_LEVEL = "-O";
				VALIDATE_PRODUCT = YES;
			};
			name = Release;
		};
		2A74A27528323BD300874401 /* Debug */ = {
			isa = XCBuildConfiguration;
			buildSettings = {
				ASSETCATALOG_COMPILER_APPICON_NAME = AppIcon;
				ASSETCATALOG_COMPILER_GLOBAL_ACCENT_COLOR_NAME = AccentColor;
				CODE_SIGN_STYLE = Automatic;
				CURRENT_PROJECT_VERSION = 1;
				DEVELOPMENT_TEAM = QA29H4VW6G;
				GENERATE_INFOPLIST_FILE = YES;
				INFOPLIST_FILE = "Softgames Test/Info.plist";
				INFOPLIST_KEY_UIApplicationSupportsIndirectInputEvents = YES;
				INFOPLIST_KEY_UILaunchStoryboardName = LaunchScreen;
				INFOPLIST_KEY_UIMainStoryboardFile = Main;
				INFOPLIST_KEY_UISupportedInterfaceOrientations_iPad = "UIInterfaceOrientationPortrait UIInterfaceOrientationPortraitUpsideDown UIInterfaceOrientationLandscapeLeft UIInterfaceOrientationLandscapeRight";
				INFOPLIST_KEY_UISupportedInterfaceOrientations_iPhone = "UIInterfaceOrientationPortrait UIInterfaceOrientationLandscapeLeft UIInterfaceOrientationLandscapeRight";
				LD_RUNPATH_SEARCH_PATHS = (
					"$(inherited)",
					"@executable_path/Frameworks",
				);
				MARKETING_VERSION = 1.0;
				PRODUCT_BUNDLE_IDENTIFIER = "petrick.kai.Softgames-Test";
				PRODUCT_NAME = "$(TARGET_NAME)";
				SWIFT_EMIT_LOC_STRINGS = YES;
				SWIFT_VERSION = 5.0;
				TARGETED_DEVICE_FAMILY = "1,2";
			};
			name = Debug;
		};
		2A74A27628323BD300874401 /* Release */ = {
			isa = XCBuildConfiguration;
			buildSettings = {
				ASSETCATALOG_COMPILER_APPICON_NAME = AppIcon;
				ASSETCATALOG_COMPILER_GLOBAL_ACCENT_COLOR_NAME = AccentColor;
				CODE_SIGN_STYLE = Automatic;
				CURRENT_PROJECT_VERSION = 1;
				DEVELOPMENT_TEAM = QA29H4VW6G;
				GENERATE_INFOPLIST_FILE = YES;
				INFOPLIST_FILE = "Softgames Test/Info.plist";
				INFOPLIST_KEY_UIApplicationSupportsIndirectInputEvents = YES;
				INFOPLIST_KEY_UILaunchStoryboardName = LaunchScreen;
				INFOPLIST_KEY_UIMainStoryboardFile = Main;
				INFOPLIST_KEY_UISupportedInterfaceOrientations_iPad = "UIInterfaceOrientationPortrait UIInterfaceOrientationPortraitUpsideDown UIInterfaceOrientationLandscapeLeft UIInterfaceOrientationLandscapeRight";
				INFOPLIST_KEY_UISupportedInterfaceOrientations_iPhone = "UIInterfaceOrientationPortrait UIInterfaceOrientationLandscapeLeft UIInterfaceOrientationLandscapeRight";
				LD_RUNPATH_SEARCH_PATHS = (
					"$(inherited)",
					"@executable_path/Frameworks",
				);
				MARKETING_VERSION = 1.0;
				PRODUCT_BUNDLE_IDENTIFIER = "petrick.kai.Softgames-Test";
				PRODUCT_NAME = "$(TARGET_NAME)";
				SWIFT_EMIT_LOC_STRINGS = YES;
				SWIFT_VERSION = 5.0;
				TARGETED_DEVICE_FAMILY = "1,2";
			};
			name = Release;
		};
		2A74A27828323BD300874401 /* Debug */ = {
			isa = XCBuildConfiguration;
			buildSettings = {
				ALWAYS_EMBED_SWIFT_STANDARD_LIBRARIES = YES;
				BUNDLE_LOADER = "$(TEST_HOST)";
				CODE_SIGN_STYLE = Automatic;
				CURRENT_PROJECT_VERSION = 1;
				DEVELOPMENT_TEAM = QA29H4VW6G;
				GENERATE_INFOPLIST_FILE = YES;
				IPHONEOS_DEPLOYMENT_TARGET = 15.4;
				MARKETING_VERSION = 1.0;
				PRODUCT_BUNDLE_IDENTIFIER = "petrick.kai.Softgames-TestTests";
				PRODUCT_NAME = "$(TARGET_NAME)";
				SWIFT_EMIT_LOC_STRINGS = NO;
				SWIFT_VERSION = 5.0;
				TARGETED_DEVICE_FAMILY = "1,2";
				TEST_HOST = "$(BUILT_PRODUCTS_DIR)/Softgames Test.app/Softgames Test";
			};
			name = Debug;
		};
		2A74A27928323BD300874401 /* Release */ = {
			isa = XCBuildConfiguration;
			buildSettings = {
				ALWAYS_EMBED_SWIFT_STANDARD_LIBRARIES = YES;
				BUNDLE_LOADER = "$(TEST_HOST)";
				CODE_SIGN_STYLE = Automatic;
				CURRENT_PROJECT_VERSION = 1;
				DEVELOPMENT_TEAM = QA29H4VW6G;
				GENERATE_INFOPLIST_FILE = YES;
				IPHONEOS_DEPLOYMENT_TARGET = 15.4;
				MARKETING_VERSION = 1.0;
				PRODUCT_BUNDLE_IDENTIFIER = "petrick.kai.Softgames-TestTests";
				PRODUCT_NAME = "$(TARGET_NAME)";
				SWIFT_EMIT_LOC_STRINGS = NO;
				SWIFT_VERSION = 5.0;
				TARGETED_DEVICE_FAMILY = "1,2";
				TEST_HOST = "$(BUILT_PRODUCTS_DIR)/Softgames Test.app/Softgames Test";
			};
			name = Release;
		};
		2A74A27B28323BD300874401 /* Debug */ = {
			isa = XCBuildConfiguration;
			buildSettings = {
				ALWAYS_EMBED_SWIFT_STANDARD_LIBRARIES = YES;
				CODE_SIGN_STYLE = Automatic;
				CURRENT_PROJECT_VERSION = 1;
				DEVELOPMENT_TEAM = QA29H4VW6G;
				GENERATE_INFOPLIST_FILE = YES;
				MARKETING_VERSION = 1.0;
				PRODUCT_BUNDLE_IDENTIFIER = "petrick.kai.Softgames-TestUITests";
				PRODUCT_NAME = "$(TARGET_NAME)";
				SWIFT_EMIT_LOC_STRINGS = NO;
				SWIFT_VERSION = 5.0;
				TARGETED_DEVICE_FAMILY = "1,2";
				TEST_TARGET_NAME = "Softgames Test";
			};
			name = Debug;
		};
		2A74A27C28323BD300874401 /* Release */ = {
			isa = XCBuildConfiguration;
			buildSettings = {
				ALWAYS_EMBED_SWIFT_STANDARD_LIBRARIES = YES;
				CODE_SIGN_STYLE = Automatic;
				CURRENT_PROJECT_VERSION = 1;
				DEVELOPMENT_TEAM = QA29H4VW6G;
				GENERATE_INFOPLIST_FILE = YES;
				MARKETING_VERSION = 1.0;
				PRODUCT_BUNDLE_IDENTIFIER = "petrick.kai.Softgames-TestUITests";
				PRODUCT_NAME = "$(TARGET_NAME)";
				SWIFT_EMIT_LOC_STRINGS = NO;
				SWIFT_VERSION = 5.0;
				TARGETED_DEVICE_FAMILY = "1,2";
				TEST_TARGET_NAME = "Softgames Test";
			};
			name = Release;
		};
/* End XCBuildConfiguration section */

/* Begin XCConfigurationList section */
		2A74A24528323BD200874401 /* Build configuration list for PBXProject "Softgames Test" */ = {
			isa = XCConfigurationList;
			buildConfigurations = (
				2A74A27228323BD200874401 /* Debug */,
				2A74A27328323BD200874401 /* Release */,
			);
			defaultConfigurationIsVisible = 0;
			defaultConfigurationName = Release;
		};
		2A74A27428323BD300874401 /* Build configuration list for PBXNativeTarget "Softgames Test" */ = {
			isa = XCConfigurationList;
			buildConfigurations = (
				2A74A27528323BD300874401 /* Debug */,
				2A74A27628323BD300874401 /* Release */,
			);
			defaultConfigurationIsVisible = 0;
			defaultConfigurationName = Release;
		};
		2A74A27728323BD300874401 /* Build configuration list for PBXNativeTarget "Softgames TestTests" */ = {
			isa = XCConfigurationList;
			buildConfigurations = (
				2A74A27828323BD300874401 /* Debug */,
				2A74A27928323BD300874401 /* Release */,
			);
			defaultConfigurationIsVisible = 0;
			defaultConfigurationName = Release;
		};
		2A74A27A28323BD300874401 /* Build configuration list for PBXNativeTarget "Softgames TestUITests" */ = {
			isa = XCConfigurationList;
			buildConfigurations = (
				2A74A27B28323BD300874401 /* Debug */,
				2A74A27C28323BD300874401 /* Release */,
			);
			defaultConfigurationIsVisible = 0;
			defaultConfigurationName = Release;
		};
/* End XCConfigurationList section */
	};
	rootObject = 2A74A24228323BD200874401 /* Project object */;
}
